
Microsoft Visual Studio Solution File, Format Version 12.00
# Visual Studio 15
VisualStudioVersion = 15.0.28307.136
MinimumVisualStudioVersion = 10.0.40219.1
Project("{FAE04EC0-301F-11D3-BF4B-00C04F79EFBC}") = "Internship-6-Music", "Internship-6-Music\Internship-6-Music.csproj", "{CF5B3219-5D6E-4FCB-B08E-DA0A1AE3566D}"
EndProject
Global
	GlobalSection(SolutionConfigurationPlatforms) = preSolution
		Debug|Any CPU = Debug|Any CPU
		Release|Any CPU = Release|Any CPU
	EndGlobalSection
	GlobalSection(ProjectConfigurationPlatforms) = postSolution
		{CF5B3219-5D6E-4FCB-B08E-DA0A1AE3566D}.Debug|Any CPU.ActiveCfg = Debug|Any CPU
		{CF5B3219-5D6E-4FCB-B08E-DA0A1AE3566D}.Debug|Any CPU.Build.0 = Debug|Any CPU
		{CF5B3219-5D6E-4FCB-B08E-DA0A1AE3566D}.Release|Any CPU.ActiveCfg = Release|Any CPU
		{CF5B3219-5D6E-4FCB-B08E-DA0A1AE3566D}.Release|Any CPU.Build.0 = Release|Any CPU
	EndGlobalSection
	GlobalSection(SolutionProperties) = preSolution
		HideSolutionNode = FALSE
	EndGlobalSection
	GlobalSection(ExtensibilityGlobals) = postSolution
		SolutionGuid = {4388FC9A-B3C6-4258-B44F-1C3A1BC2B012}
	EndGlobalSection
EndGlobal
